// !$*UTF8*$!
{
	archiveVersion = 1;
	classes = {
	};
	objectVersion = 50;
	objects = {

/* Begin PBXBuildFile section */
		2D20A15C20F53356008D52A0 /* AppDelegate.swift in Sources */ = {isa = PBXBuildFile; fileRef = 2D20A15B20F53356008D52A0 /* AppDelegate.swift */; };
		2D20A16120F53356008D52A0 /* Main.storyboard in Resources */ = {isa = PBXBuildFile; fileRef = 2D20A15F20F53356008D52A0 /* Main.storyboard */; };
		2D20A16420F53356008D52A0 /* Documents_Core_Data_Relationships.xcdatamodeld in Sources */ = {isa = PBXBuildFile; fileRef = 2D20A16220F53356008D52A0 /* Documents_Core_Data_Relationships.xcdatamodeld */; };
		2D20A16620F53357008D52A0 /* Assets.xcassets in Resources */ = {isa = PBXBuildFile; fileRef = 2D20A16520F53357008D52A0 /* Assets.xcassets */; };
		2D20A16920F53357008D52A0 /* LaunchScreen.storyboard in Resources */ = {isa = PBXBuildFile; fileRef = 2D20A16720F53357008D52A0 /* LaunchScreen.storyboard */; };
		2D20A17F20F538FB008D52A0 /* CategoriesViewController.swift in Sources */ = {isa = PBXBuildFile; fileRef = 2D20A17E20F538FB008D52A0 /* CategoriesViewController.swift */; };
		2D20A18120F53915008D52A0 /* DocumentsViewController.swift in Sources */ = {isa = PBXBuildFile; fileRef = 2D20A18020F53915008D52A0 /* DocumentsViewController.swift */; };
		2D20A18320F53925008D52A0 /* DocumentViewController.swift in Sources */ = {isa = PBXBuildFile; fileRef = 2D20A18220F53925008D52A0 /* DocumentViewController.swift */; };
		2D20A18520F53B84008D52A0 /* DocumentTableViewCell.swift in Sources */ = {isa = PBXBuildFile; fileRef = 2D20A18420F53B84008D52A0 /* DocumentTableViewCell.swift */; };
		2D20A19320F53E73008D52A0 /* Document+CoreDataClass.swift in Sources */ = {isa = PBXBuildFile; fileRef = 2D20A18F20F53E73008D52A0 /* Document+CoreDataClass.swift */; };
		2D20A19420F53E73008D52A0 /* Document+CoreDataProperties.swift in Sources */ = {isa = PBXBuildFile; fileRef = 2D20A19020F53E73008D52A0 /* Document+CoreDataProperties.swift */; };
		2D20A19520F53E73008D52A0 /* Category+CoreDataClass.swift in Sources */ = {isa = PBXBuildFile; fileRef = 2D20A19120F53E73008D52A0 /* Category+CoreDataClass.swift */; };
		2D20A19620F53E73008D52A0 /* Category+CoreDataProperties.swift in Sources */ = {isa = PBXBuildFile; fileRef = 2D20A19220F53E73008D52A0 /* Category+CoreDataProperties.swift */; };
/* End PBXBuildFile section */

/* Begin PBXFileReference section */
		2D20A15B20F53356008D52A0 /* AppDelegate.swift */ = {isa = PBXFileReference; lastKnownFileType = sourcecode.swift; path = AppDelegate.swift; sourceTree = "<group>"; };
		2D20A16020F53356008D52A0 /* Base */ = {isa = PBXFileReference; lastKnownFileType = file.storyboard; name = Base; path = Base.lproj/Main.storyboard; sourceTree = "<group>"; };
		2D20A16320F53356008D52A0 /* Documents_Core_Data_Relationships_Search.xcdatamodel */ = {isa = PBXFileReference; lastKnownFileType = wrapper.xcdatamodel; path = Documents_Core_Data_Relationships_Search.xcdatamodel; sourceTree = "<group>"; };
		2D20A16520F53357008D52A0 /* Assets.xcassets */ = {isa = PBXFileReference; lastKnownFileType = folder.assetcatalog; path = Assets.xcassets; sourceTree = "<group>"; };
		2D20A16820F53357008D52A0 /* Base */ = {isa = PBXFileReference; lastKnownFileType = file.storyboard; name = Base; path = Base.lproj/LaunchScreen.storyboard; sourceTree = "<group>"; };
		2D20A16A20F53357008D52A0 /* Info.plist */ = {isa = PBXFileReference; lastKnownFileType = text.plist.xml; path = Info.plist; sourceTree = "<group>"; };
		2D20A17E20F538FB008D52A0 /* CategoriesViewController.swift */ = {isa = PBXFileReference; lastKnownFileType = sourcecode.swift; path = CategoriesViewController.swift; sourceTree = "<group>"; };
		2D20A18020F53915008D52A0 /* DocumentsViewController.swift */ = {isa = PBXFileReference; lastKnownFileType = sourcecode.swift; path = DocumentsViewController.swift; sourceTree = "<group>"; };
		2D20A18220F53925008D52A0 /* DocumentViewController.swift */ = {isa = PBXFileReference; lastKnownFileType = sourcecode.swift; path = DocumentViewController.swift; sourceTree = "<group>"; };
		2D20A18420F53B84008D52A0 /* DocumentTableViewCell.swift */ = {isa = PBXFileReference; lastKnownFileType = sourcecode.swift; path = DocumentTableViewCell.swift; sourceTree = "<group>"; };
		2D20A18F20F53E73008D52A0 /* Document+CoreDataClass.swift */ = {isa = PBXFileReference; lastKnownFileType = sourcecode.swift; path = "Document+CoreDataClass.swift"; sourceTree = "<group>"; };
		2D20A19020F53E73008D52A0 /* Document+CoreDataProperties.swift */ = {isa = PBXFileReference; lastKnownFileType = sourcecode.swift; path = "Document+CoreDataProperties.swift"; sourceTree = "<group>"; };
		2D20A19120F53E73008D52A0 /* Category+CoreDataClass.swift */ = {isa = PBXFileReference; lastKnownFileType = sourcecode.swift; path = "Category+CoreDataClass.swift"; sourceTree = "<group>"; };
		2D20A19220F53E73008D52A0 /* Category+CoreDataProperties.swift */ = {isa = PBXFileReference; lastKnownFileType = sourcecode.swift; path = "Category+CoreDataProperties.swift"; sourceTree = "<group>"; };
		2D55A40F20F6770D00751319 /* Documents Core Data Relationships.app */ = {isa = PBXFileReference; explicitFileType = wrapper.application; includeInIndex = 0; path = "Documents Core Data Relationships.app"; sourceTree = BUILT_PRODUCTS_DIR; };
/* End PBXFileReference section */

/* Begin PBXFrameworksBuildPhase section */
		2D20A15520F53356008D52A0 /* Frameworks */ = {
			isa = PBXFrameworksBuildPhase;
			buildActionMask = 2147483647;
			files = (
			);
			runOnlyForDeploymentPostprocessing = 0;
		};
/* End PBXFrameworksBuildPhase section */

/* Begin PBXGroup section */
		2D20A14F20F53356008D52A0 = {
			isa = PBXGroup;
			children = (
				2D20A15A20F53356008D52A0 /* Documents Core Data Relationships */,
				2D55A41120F6773B00751319 /* Products */,
			);
			sourceTree = "<group>";
		};
		2D20A15A20F53356008D52A0 /* Documents Core Data Relationships */ = {
			isa = PBXGroup;
			children = (
				2D20A18620F53C63008D52A0 /* Model */,
				2D20A15B20F53356008D52A0 /* AppDelegate.swift */,
				2D20A17E20F538FB008D52A0 /* CategoriesViewController.swift */,
				2D20A18020F53915008D52A0 /* DocumentsViewController.swift */,
				2D20A18220F53925008D52A0 /* DocumentViewController.swift */,
				2D20A18420F53B84008D52A0 /* DocumentTableViewCell.swift */,
				2D20A15F20F53356008D52A0 /* Main.storyboard */,
				2D20A16520F53357008D52A0 /* Assets.xcassets */,
				2D20A16720F53357008D52A0 /* LaunchScreen.storyboard */,
				2D20A16A20F53357008D52A0 /* Info.plist */,
			);
			path = "Documents Core Data Relationships";
			sourceTree = "<group>";
		};
		2D20A18620F53C63008D52A0 /* Model */ = {
			isa = PBXGroup;
			children = (
				2D20A18F20F53E73008D52A0 /* Document+CoreDataClass.swift */,
				2D20A19020F53E73008D52A0 /* Document+CoreDataProperties.swift */,
				2D20A19120F53E73008D52A0 /* Category+CoreDataClass.swift */,
				2D20A19220F53E73008D52A0 /* Category+CoreDataProperties.swift */,
				2D20A16220F53356008D52A0 /* Documents_Core_Data_Relationships.xcdatamodeld */,
			);
			path = Model;
			sourceTree = "<group>";
		};
		2D55A41120F6773B00751319 /* Products */ = {
			isa = PBXGroup;
			children = (
				2D55A40F20F6770D00751319 /* Documents Core Data Relationships.app */,
			);
			name = Products;
			sourceTree = "<group>";
		};
/* End PBXGroup section */

/* Begin PBXNativeTarget section */
		2D20A15720F53356008D52A0 /* Documents Core Data Relationships */ = {
			isa = PBXNativeTarget;
			buildConfigurationList = 2D20A17820F53357008D52A0 /* Build configuration list for PBXNativeTarget "Documents Core Data Relationships" */;
			buildPhases = (
				2D20A15420F53356008D52A0 /* Sources */,
				2D20A15520F53356008D52A0 /* Frameworks */,
				2D20A15620F53356008D52A0 /* Resources */,
			);
			buildRules = (
			);
			dependencies = (
			);
			name = "Documents Core Data Relationships";
			productName = "Documents Core Data Relationships Search";
			productReference = 2D55A40F20F6770D00751319 /* Documents Core Data Relationships.app */;
			productType = "com.apple.product-type.application";
		};
/* End PBXNativeTarget section */

/* Begin PBXProject section */
		2D20A15020F53356008D52A0 /* Project object */ = {
			isa = PBXProject;
			attributes = {
				LastSwiftUpdateCheck = 0940;
				LastUpgradeCheck = 0940;
				ORGANIZATIONNAME = "Dale Musser";
				TargetAttributes = {
					2D20A15720F53356008D52A0 = {
						CreatedOnToolsVersion = 9.4.1;
					};
				};
			};
			buildConfigurationList = 2D20A15320F53356008D52A0 /* Build configuration list for PBXProject "Documents Core Data Relationships" */;
			compatibilityVersion = "Xcode 9.3";
			developmentRegion = en;
			hasScannedForEncodings = 0;
			knownRegions = (
				en,
				Base,
			);
			mainGroup = 2D20A14F20F53356008D52A0;
			productRefGroup = 2D20A14F20F53356008D52A0;
			projectDirPath = "";
			projectRoot = "";
			targets = (
				2D20A15720F53356008D52A0 /* Documents Core Data Relationships */,
			);
		};
/* End PBXProject section */

/* Begin PBXResourcesBuildPhase section */
		2D20A15620F53356008D52A0 /* Resources */ = {
			isa = PBXResourcesBuildPhase;
			buildActionMask = 2147483647;
			files = (
				2D20A16920F53357008D52A0 /* LaunchScreen.storyboard in Resources */,
				2D20A16620F53357008D52A0 /* Assets.xcassets in Resources */,
				2D20A16120F53356008D52A0 /* Main.storyboard in Resources */,
			);
			runOnlyForDeploymentPostprocessing = 0;
		};
/* End PBXResourcesBuildPhase section */

/* Begin PBXSourcesBuildPhase section */
		2D20A15420F53356008D52A0 /* Sources */ = {
			isa = PBXSourcesBuildPhase;
			buildActionMask = 2147483647;
			files = (
				2D20A18320F53925008D52A0 /* DocumentViewController.swift in Sources */,
				2D20A16420F53356008D52A0 /* Documents_Core_Data_Relationships.xcdatamodeld in Sources */,
				2D20A19420F53E73008D52A0 /* Document+CoreDataProperties.swift in Sources */,
				2D20A18120F53915008D52A0 /* DocumentsViewController.swift in Sources */,
				2D20A15C20F53356008D52A0 /* AppDelegate.swift in Sources */,
				2D20A19320F53E73008D52A0 /* Document+CoreDataClass.swift in Sources */,
				2D20A18520F53B84008D52A0 /* DocumentTableViewCell.swift in Sources */,
				2D20A19620F53E73008D52A0 /* Category+CoreDataProperties.swift in Sources */,
				2D20A19520F53E73008D52A0 /* Category+CoreDataClass.swift in Sources */,
				2D20A17F20F538FB008D52A0 /* CategoriesViewController.swift in Sources */,
			);
			runOnlyForDeploymentPostprocessing = 0;
		};
/* End PBXSourcesBuildPhase section */

/* Begin PBXVariantGroup section */
		2D20A15F20F53356008D52A0 /* Main.storyboard */ = {
			isa = PBXVariantGroup;
			children = (
				2D20A16020F53356008D52A0 /* Base */,
			);
			name = Main.storyboard;
			sourceTree = "<group>";
		};
		2D20A16720F53357008D52A0 /* LaunchScreen.storyboard */ = {
			isa = PBXVariantGroup;
			children = (
				2D20A16820F53357008D52A0 /* Base */,
			);
			name = LaunchScreen.storyboard;
			sourceTree = "<group>";
		};
/* End PBXVariantGroup section */

/* Begin XCBuildConfiguration section */
		2D20A17620F53357008D52A0 /* Debug */ = {
			isa = XCBuildConfiguration;
			buildSettings = {
				ALWAYS_SEARCH_USER_PATHS = NO;
				CLANG_ANALYZER_NONNULL = YES;
				CLANG_ANALYZER_NUMBER_OBJECT_CONVERSION = YES_AGGRESSIVE;
				CLANG_CXX_LANGUAGE_STANDARD = "gnu++14";
				CLANG_CXX_LIBRARY = "libc++";
				CLANG_ENABLE_MODULES = YES;
				CLANG_ENABLE_OBJC_ARC = YES;
				CLANG_ENABLE_OBJC_WEAK = YES;
				CLANG_WARN_BLOCK_CAPTURE_AUTORELEASING = YES;
				CLANG_WARN_BOOL_CONVERSION = YES;
				CLANG_WARN_COMMA = YES;
				CLANG_WARN_CONSTANT_CONVERSION = YES;
				CLANG_WARN_DEPRECATED_OBJC_IMPLEMENTATIONS = YES;
				CLANG_WARN_DIRECT_OBJC_ISA_USAGE = YES_ERROR;
				CLANG_WARN_DOCUMENTATION_COMMENTS = YES;
				CLANG_WARN_EMPTY_BODY = YES;
				CLANG_WARN_ENUM_CONVERSION = YES;
				CLANG_WARN_INFINITE_RECURSION = YES;
				CLANG_WARN_INT_CONVERSION = YES;
				CLANG_WARN_NON_LITERAL_NULL_CONVERSION = YES;
				CLANG_WARN_OBJC_IMPLICIT_RETAIN_SELF = YES;
				CLANG_WARN_OBJC_LITERAL_CONVERSION = YES;
				CLANG_WARN_OBJC_ROOT_CLASS = YES_ERROR;
				CLANG_WARN_RANGE_LOOP_ANALYSIS = YES;
				CLANG_WARN_STRICT_PROTOTYPES = YES;
				CLANG_WARN_SUSPICIOUS_MOVE = YES;
				CLANG_WARN_UNGUARDED_AVAILABILITY = YES_AGGRESSIVE;
				CLANG_WARN_UNREACHABLE_CODE = YES;
				CLANG_WARN__DUPLICATE_METHOD_MATCH = YES;
				CODE_SIGN_IDENTITY = "iPhone Developer";
				COPY_PHASE_STRIP = NO;
				DEBUG_INFORMATION_FORMAT = dwarf;
				ENABLE_STRICT_OBJC_MSGSEND = YES;
				ENABLE_TESTABILITY = YES;
				GCC_C_LANGUAGE_STANDARD = gnu11;
				GCC_DYNAMIC_NO_PIC = NO;
				GCC_NO_COMMON_BLOCKS = YES;
				GCC_OPTIMIZATION_LEVEL = 0;
				GCC_PREPROCESSOR_DEFINITIONS = (
					"DEBUG=1",
					"$(inherited)",
				);
				GCC_WARN_64_TO_32_BIT_CONVERSION = YES;
				GCC_WARN_ABOUT_RETURN_TYPE = YES_ERROR;
				GCC_WARN_UNDECLARED_SELECTOR = YES;
				GCC_WARN_UNINITIALIZED_AUTOS = YES_AGGRESSIVE;
				GCC_WARN_UNUSED_FUNCTION = YES;
				GCC_WARN_UNUSED_VARIABLE = YES;
				IPHONEOS_DEPLOYMENT_TARGET = 11.4;
				MTL_ENABLE_DEBUG_INFO = YES;
				ONLY_ACTIVE_ARCH = YES;
				SDKROOT = iphoneos;
				SWIFT_ACTIVE_COMPILATION_CONDITIONS = DEBUG;
				SWIFT_OPTIMIZATION_LEVEL = "-Onone";
			};
			name = Debug;
		};
		2D20A17720F53357008D52A0 /* Release */ = {
			isa = XCBuildConfiguration;
			buildSettings = {
				ALWAYS_SEARCH_USER_PATHS = NO;
				CLANG_ANALYZER_NONNULL = YES;
				CLANG_ANALYZER_NUMBER_OBJECT_CONVERSION = YES_AGGRESSIVE;
				CLANG_CXX_LANGUAGE_STANDARD = "gnu++14";
				CLANG_CXX_LIBRARY = "libc++";
				CLANG_ENABLE_MODULES = YES;
				CLANG_ENABLE_OBJC_ARC = YES;
				CLANG_ENABLE_OBJC_WEAK = YES;
				CLANG_WARN_BLOCK_CAPTURE_AUTORELEASING = YES;
				CLANG_WARN_BOOL_CONVERSION = YES;
				CLANG_WARN_COMMA = YES;
				CLANG_WARN_CONSTANT_CONVERSION = YES;
				CLANG_WARN_DEPRECATED_OBJC_IMPLEMENTATIONS = YES;
				CLANG_WARN_DIRECT_OBJC_ISA_USAGE = YES_ERROR;
				CLANG_WARN_DOCUMENTATION_COMMENTS = YES;
				CLANG_WARN_EMPTY_BODY = YES;
				CLANG_WARN_ENUM_CONVERSION = YES;
				CLANG_WARN_INFINITE_RECURSION = YES;
				CLANG_WARN_INT_CONVERSION = YES;
				CLANG_WARN_NON_LITERAL_NULL_CONVERSION = YES;
				CLANG_WARN_OBJC_IMPLICIT_RETAIN_SELF = YES;
				CLANG_WARN_OBJC_LITERAL_CONVERSION = YES;
				CLANG_WARN_OBJC_ROOT_CLASS = YES_ERROR;
				CLANG_WARN_RANGE_LOOP_ANALYSIS = YES;
				CLANG_WARN_STRICT_PROTOTYPES = YES;
				CLANG_WARN_SUSPICIOUS_MOVE = YES;
				CLANG_WARN_UNGUARDED_AVAILABILITY = YES_AGGRESSIVE;
				CLANG_WARN_UNREACHABLE_CODE = YES;
				CLANG_WARN__DUPLICATE_METHOD_MATCH = YES;
				CODE_SIGN_IDENTITY = "iPhone Developer";
				COPY_PHASE_STRIP = NO;
				DEBUG_INFORMATION_FORMAT = "dwarf-with-dsym";
				ENABLE_NS_ASSERTIONS = NO;
				ENABLE_STRICT_OBJC_MSGSEND = YES;
				GCC_C_LANGUAGE_STANDARD = gnu11;
				GCC_NO_COMMON_BLOCKS = YES;
				GCC_WARN_64_TO_32_BIT_CONVERSION = YES;
				GCC_WARN_ABOUT_RETURN_TYPE = YES_ERROR;
				GCC_WARN_UNDECLARED_SELECTOR = YES;
				GCC_WARN_UNINITIALIZED_AUTOS = YES_AGGRESSIVE;
				GCC_WARN_UNUSED_FUNCTION = YES;
				GCC_WARN_UNUSED_VARIABLE = YES;
				IPHONEOS_DEPLOYMENT_TARGET = 11.4;
				MTL_ENABLE_DEBUG_INFO = NO;
				SDKROOT = iphoneos;
				SWIFT_COMPILATION_MODE = wholemodule;
				SWIFT_OPTIMIZATION_LEVEL = "-O";
				VALIDATE_PRODUCT = YES;
			};
			name = Release;
		};
		2D20A17920F53357008D52A0 /* Debug */ = {
			isa = XCBuildConfiguration;
			buildSettings = {
				ASSETCATALOG_COMPILER_APPICON_NAME = AppIcon;
				CODE_SIGN_STYLE = Automatic;
				DEVELOPMENT_TEAM = "";
				INFOPLIST_FILE = "$(SRCROOT)/Documents Core Data Relationships/Info.plist";
				IPHONEOS_DEPLOYMENT_TARGET = 11.3;
				LD_RUNPATH_SEARCH_PATHS = (
					"$(inherited)",
					"@executable_path/Frameworks",
				);
				PRODUCT_BUNDLE_IDENTIFIER = "online.techinnovator.Documents-Core-Data-Relationships";
				PRODUCT_NAME = "$(TARGET_NAME)";
				SWIFT_VERSION = 4.0;
				TARGETED_DEVICE_FAMILY = "1,2";
			};
			name = Debug;
		};
		2D20A17A20F53357008D52A0 /* Release */ = {
			isa = XCBuildConfiguration;
			buildSettings = {
				ASSETCATALOG_COMPILER_APPICON_NAME = AppIcon;
				CODE_SIGN_STYLE = Automatic;
				DEVELOPMENT_TEAM = "";
				INFOPLIST_FILE = "$(SRCROOT)/Documents Core Data Relationships/Info.plist";
				IPHONEOS_DEPLOYMENT_TARGET = 11.3;
				LD_RUNPATH_SEARCH_PATHS = (
					"$(inherited)",
					"@executable_path/Frameworks",
				);
				PRODUCT_BUNDLE_IDENTIFIER = "online.techinnovator.Documents-Core-Data-Relationships";
				PRODUCT_NAME = "$(TARGET_NAME)";
				SWIFT_VERSION = 4.0;
				TARGETED_DEVICE_FAMILY = "1,2";
			};
			name = Release;
		};
/* End XCBuildConfiguration section */

/* Begin XCConfigurationList section */
		2D20A15320F53356008D52A0 /* Build configuration list for PBXProject "Documents Core Data Relationships" */ = {
			isa = XCConfigurationList;
			buildConfigurations = (
				2D20A17620F53357008D52A0 /* Debug */,
				2D20A17720F53357008D52A0 /* Release */,
			);
			defaultConfigurationIsVisible = 0;
			defaultConfigurationName = Release;
		};
		2D20A17820F53357008D52A0 /* Build configuration list for PBXNativeTarget "Documents Core Data Relationships" */ = {
			isa = XCConfigurationList;
			buildConfigurations = (
				2D20A17920F53357008D52A0 /* Debug */,
				2D20A17A20F53357008D52A0 /* Release */,
			);
			defaultConfigurationIsVisible = 0;
			defaultConfigurationName = Release;
		};
/* End XCConfigurationList section */

/* Begin XCVersionGroup section */
		2D20A16220F53356008D52A0 /* Documents_Core_Data_Relationships.xcdatamodeld */ = {
			isa = XCVersionGroup;
			children = (
				2D20A16320F53356008D52A0 /* Documents_Core_Data_Relationships_Search.xcdatamodel */,
			);
			currentVersion = 2D20A16320F53356008D52A0 /* Documents_Core_Data_Relationships_Search.xcdatamodel */;
			path = Documents_Core_Data_Relationships.xcdatamodeld;
			sourceTree = "<group>";
			versionGroupType = wrapper.xcdatamodel;
		};
/* End XCVersionGroup section */
	};
	rootObject = 2D20A15020F53356008D52A0 /* Project object */;
}
